
Microsoft Visual Studio Solution File, Format Version 12.00
# Visual Studio Version 16
VisualStudioVersion = 16.0.30320.27
MinimumVisualStudioVersion = 10.0.40219.1
Project("{FAE04EC0-301F-11D3-BF4B-00C04F79EFBC}") = "VariablesExercise", "VariablesExercise\VariablesExercise.csproj", "{38C06FB0-2A10-4CB7-A6D0-BFB6B8919CF0}"
EndProject
Global
	GlobalSection(SolutionConfigurationPlatforms) = preSolution
		Debug|Any CPU = Debug|Any CPU
		Release|Any CPU = Release|Any CPU
	EndGlobalSection
	GlobalSection(ProjectConfigurationPlatforms) = postSolution
		{38C06FB0-2A10-4CB7-A6D0-BFB6B8919CF0}.Debug|Any CPU.ActiveCfg = Debug|Any CPU
		{38C06FB0-2A10-4CB7-A6D0-BFB6B8919CF0}.Debug|Any CPU.Build.0 = Debug|Any CPU
		{38C06FB0-2A10-4CB7-A6D0-BFB6B8919CF0}.Release|Any CPU.ActiveCfg = Release|Any CPU
		{38C06FB0-2A10-4CB7-A6D0-BFB6B8919CF0}.Release|Any CPU.Build.0 = Release|Any CPU
	EndGlobalSection
	GlobalSection(SolutionProperties) = preSolution
		HideSolutionNode = FALSE
	EndGlobalSection
	GlobalSection(ExtensibilityGlobals) = postSolution
		SolutionGuid = {9E4ECA14-391B-4B81-8719-FCF4B3AB908E}
	EndGlobalSection
EndGlobal
